# Production dependency lock for the RAMS Docker runtime.
# Target: CPython 3.14 on Linux, matching Dockerfile.
# Every direct and transitive runtime dependency is pinned exactly.
annotated-doc==0.0.4
annotated-types==0.7.0
anyio==4.14.2
ast-grep-cli==0.45.0
boto3==1.43.18
botocore==1.43.18
certifi==2026.5.20
charset-normalizer==3.4.7
click==8.4.2
fastapi==0.141.1
gitdb==4.0.12
gitpython==3.1.59
h11==0.16.0
headroom-ai==0.32.0
httpcore==1.0.9
httptools==0.8.0
httpx==0.28.1
idna==3.17
jmespath==1.1.0
markdown-it-py==4.2.0
mdurl==0.1.2
opentelemetry-api==1.42.1
pathspec==1.1.1
pydantic==2.13.4
pydantic-core==2.46.4
pydantic-settings==2.14.2
pygments==2.20.0
python-dateutil==2.9.0.post0
python-dotenv==1.2.3
pyyaml==6.0.3
regex==2026.5.9
requests==2.32.5
rich==15.0.0
s3transfer==0.18.0
shellingham==1.5.4
six==1.17.0
smmap==5.0.3
starlette==1.6.0
tiktoken==0.13.0
tomlkit==0.13.3
typer==0.27.1
typing-extensions==4.16.0
typing-inspection==0.4.2
urllib3==2.7.0
uvicorn[standard]==0.52.4
uvloop==0.22.1
watchfiles==1.2.0
websockets==16.0
